
Microsoft Visual Studio Solution File, Format Version 12.00
# Visual Studio Version 16
VisualStudioVersion = 16.0.31019.35
MinimumVisualStudioVersion = 10.0.40219.1
Project("{9A19103F-16F7-4668-BE54-9A1E7A4F7556}") = "0test", "test\0test.csproj", "{A198EF38-968A-491B-AEC4-FDE1B95FA3E6}"
EndProject
Project("{9A19103F-16F7-4668-BE54-9A1E7A4F7556}") = "1获取当天起始结束时间", "获取当天起始结束时间\1获取当天起始结束时间.csproj", "{730F6AF6-5050-4CAB-8A0A-A8B68B5E8678}"
EndProject
Project("{9A19103F-16F7-4668-BE54-9A1E7A4F7556}") = "2参数名ascii码从小到大排序(字典序)拼接", "2参数名ascii码从小到大排序(字典序)拼接\2参数名ascii码从小到大排序(字典序)拼接.csproj", "{B2816743-BFF3-4BE4-9F36-BE44CCD6DA53}"
EndProject
Project("{9A19103F-16F7-4668-BE54-9A1E7A4F7556}") = "3List按指定字段的给出的自定义顺序进行排序", "List按指定字段的给出的自定义顺序进行排序\3List按指定字段的给出的自定义顺序进行排序.csproj", "{13928D0E-2E2B-4DB6-B7D5-13433FEE272C}"
EndProject
Project("{9A19103F-16F7-4668-BE54-9A1E7A4F7556}") = "Common", "Common\Common.csproj", "{074A8083-32B4-4E43-904E-419D7500710A}"
EndProject
Project("{9A19103F-16F7-4668-BE54-9A1E7A4F7556}") = "无权限页面", "无权限页面\无权限页面.csproj", "{AA5E05FF-AF99-4068-99E2-D03D7421848B}"
EndProject
Project("{9A19103F-16F7-4668-BE54-9A1E7A4F7556}") = "SuperForm", "SuperForm\SuperForm.csproj", "{153FA147-D683-48B1-B1BC-C109E9A75FD2}"
EndProject
Project("{9A19103F-16F7-4668-BE54-9A1E7A4F7556}") = "Action委托0", "0 Action委托\Action委托0.csproj", "{A0878662-24BC-458C-96BD-AB646269426D}"
EndProject
Project("{2150E333-8FDC-42A3-9474-1A3956D46DE8}") = "Action委托", "Action委托", "{B6A350EE-6799-49A5-B404-2BF51509C95E}"
EndProject
Project("{2150E333-8FDC-42A3-9474-1A3956D46DE8}") = "web", "web", "{E5978982-072F-4378-A766-1F684204E4F0}"
EndProject
Project("{2150E333-8FDC-42A3-9474-1A3956D46DE8}") = "form", "form", "{DBAD1A05-631F-42D0-B409-BB88FD716524}"
EndProject
Project("{2150E333-8FDC-42A3-9474-1A3956D46DE8}") = "console", "console", "{DA63A414-034D-48C7-8CE3-595AE27D0397}"
EndProject
Project("{9A19103F-16F7-4668-BE54-9A1E7A4F7556}") = "Action委托1", "Action委托1\Action委托1.csproj", "{3D8D223A-2F05-4BFE-828B-F4988B43F630}"
EndProject
Project("{9A19103F-16F7-4668-BE54-9A1E7A4F7556}") = "Action委托2", "Action委托2\Action委托2.csproj", "{F299CFE1-9246-4D15-81A2-D53E2C8B8806}"
EndProject
Project("{9A19103F-16F7-4668-BE54-9A1E7A4F7556}") = "Action委托3", "Action委托3\Action委托3.csproj", "{1DE4044C-0F2A-455F-9E79-3E32BEBAC916}"
EndProject
Project("{9A19103F-16F7-4668-BE54-9A1E7A4F7556}") = "Action委托4", "Action委托4\Action委托4.csproj", "{65C2186A-A60C-4554-9986-BFDAB9D27DE0}"
EndProject
Global
	GlobalSection(SolutionConfigurationPlatforms) = preSolution
		Debug|Any CPU = Debug|Any CPU
		Release|Any CPU = Release|Any CPU
	EndGlobalSection
	GlobalSection(ProjectConfigurationPlatforms) = postSolution
		{A198EF38-968A-491B-AEC4-FDE1B95FA3E6}.Debug|Any CPU.ActiveCfg = Debug|Any CPU
		{A198EF38-968A-491B-AEC4-FDE1B95FA3E6}.Debug|Any CPU.Build.0 = Debug|Any CPU
		{A198EF38-968A-491B-AEC4-FDE1B95FA3E6}.Release|Any CPU.ActiveCfg = Release|Any CPU
		{A198EF38-968A-491B-AEC4-FDE1B95FA3E6}.Release|Any CPU.Build.0 = Release|Any CPU
		{730F6AF6-5050-4CAB-8A0A-A8B68B5E8678}.Debug|Any CPU.ActiveCfg = Debug|Any CPU
		{730F6AF6-5050-4CAB-8A0A-A8B68B5E8678}.Debug|Any CPU.Build.0 = Debug|Any CPU
		{730F6AF6-5050-4CAB-8A0A-A8B68B5E8678}.Release|Any CPU.ActiveCfg = Release|Any CPU
		{730F6AF6-5050-4CAB-8A0A-A8B68B5E8678}.Release|Any CPU.Build.0 = Release|Any CPU
		{B2816743-BFF3-4BE4-9F36-BE44CCD6DA53}.Debug|Any CPU.ActiveCfg = Debug|Any CPU
		{B2816743-BFF3-4BE4-9F36-BE44CCD6DA53}.Debug|Any CPU.Build.0 = Debug|Any CPU
		{B2816743-BFF3-4BE4-9F36-BE44CCD6DA53}.Release|Any CPU.ActiveCfg = Release|Any CPU
		{B2816743-BFF3-4BE4-9F36-BE44CCD6DA53}.Release|Any CPU.Build.0 = Release|Any CPU
		{13928D0E-2E2B-4DB6-B7D5-13433FEE272C}.Debug|Any CPU.ActiveCfg = Debug|Any CPU
		{13928D0E-2E2B-4DB6-B7D5-13433FEE272C}.Debug|Any CPU.Build.0 = Debug|Any CPU
		{13928D0E-2E2B-4DB6-B7D5-13433FEE272C}.Release|Any CPU.ActiveCfg = Release|Any CPU
		{13928D0E-2E2B-4DB6-B7D5-13433FEE272C}.Release|Any CPU.Build.0 = Release|Any CPU
		{074A8083-32B4-4E43-904E-419D7500710A}.Debug|Any CPU.ActiveCfg = Debug|Any CPU
		{074A8083-32B4-4E43-904E-419D7500710A}.Debug|Any CPU.Build.0 = Debug|Any CPU
		{074A8083-32B4-4E43-904E-419D7500710A}.Release|Any CPU.ActiveCfg = Release|Any CPU
		{074A8083-32B4-4E43-904E-419D7500710A}.Release|Any CPU.Build.0 = Release|Any CPU
		{AA5E05FF-AF99-4068-99E2-D03D7421848B}.Debug|Any CPU.ActiveCfg = Debug|Any CPU
		{AA5E05FF-AF99-4068-99E2-D03D7421848B}.Debug|Any CPU.Build.0 = Debug|Any CPU
		{AA5E05FF-AF99-4068-99E2-D03D7421848B}.Release|Any CPU.ActiveCfg = Release|Any CPU
		{AA5E05FF-AF99-4068-99E2-D03D7421848B}.Release|Any CPU.Build.0 = Release|Any CPU
		{153FA147-D683-48B1-B1BC-C109E9A75FD2}.Debug|Any CPU.ActiveCfg = Debug|Any CPU
		{153FA147-D683-48B1-B1BC-C109E9A75FD2}.Debug|Any CPU.Build.0 = Debug|Any CPU
		{153FA147-D683-48B1-B1BC-C109E9A75FD2}.Release|Any CPU.ActiveCfg = Release|Any CPU
		{153FA147-D683-48B1-B1BC-C109E9A75FD2}.Release|Any CPU.Build.0 = Release|Any CPU
		{A0878662-24BC-458C-96BD-AB646269426D}.Debug|Any CPU.ActiveCfg = Debug|Any CPU
		{A0878662-24BC-458C-96BD-AB646269426D}.Debug|Any CPU.Build.0 = Debug|Any CPU
		{A0878662-24BC-458C-96BD-AB646269426D}.Release|Any CPU.ActiveCfg = Release|Any CPU
		{A0878662-24BC-458C-96BD-AB646269426D}.Release|Any CPU.Build.0 = Release|Any CPU
		{3D8D223A-2F05-4BFE-828B-F4988B43F630}.Debug|Any CPU.ActiveCfg = Debug|Any CPU
		{3D8D223A-2F05-4BFE-828B-F4988B43F630}.Debug|Any CPU.Build.0 = Debug|Any CPU
		{3D8D223A-2F05-4BFE-828B-F4988B43F630}.Release|Any CPU.ActiveCfg = Release|Any CPU
		{3D8D223A-2F05-4BFE-828B-F4988B43F630}.Release|Any CPU.Build.0 = Release|Any CPU
		{F299CFE1-9246-4D15-81A2-D53E2C8B8806}.Debug|Any CPU.ActiveCfg = Debug|Any CPU
		{F299CFE1-9246-4D15-81A2-D53E2C8B8806}.Debug|Any CPU.Build.0 = Debug|Any CPU
		{F299CFE1-9246-4D15-81A2-D53E2C8B8806}.Release|Any CPU.ActiveCfg = Release|Any CPU
		{F299CFE1-9246-4D15-81A2-D53E2C8B8806}.Release|Any CPU.Build.0 = Release|Any CPU
		{1DE4044C-0F2A-455F-9E79-3E32BEBAC916}.Debug|Any CPU.ActiveCfg = Debug|Any CPU
		{1DE4044C-0F2A-455F-9E79-3E32BEBAC916}.Debug|Any CPU.Build.0 = Debug|Any CPU
		{1DE4044C-0F2A-455F-9E79-3E32BEBAC916}.Release|Any CPU.ActiveCfg = Release|Any CPU
		{1DE4044C-0F2A-455F-9E79-3E32BEBAC916}.Release|Any CPU.Build.0 = Release|Any CPU
		{65C2186A-A60C-4554-9986-BFDAB9D27DE0}.Debug|Any CPU.ActiveCfg = Debug|Any CPU
		{65C2186A-A60C-4554-9986-BFDAB9D27DE0}.Debug|Any CPU.Build.0 = Debug|Any CPU
		{65C2186A-A60C-4554-9986-BFDAB9D27DE0}.Release|Any CPU.ActiveCfg = Release|Any CPU
		{65C2186A-A60C-4554-9986-BFDAB9D27DE0}.Release|Any CPU.Build.0 = Release|Any CPU
	EndGlobalSection
	GlobalSection(SolutionProperties) = preSolution
		HideSolutionNode = FALSE
	EndGlobalSection
	GlobalSection(NestedProjects) = preSolution
		{A198EF38-968A-491B-AEC4-FDE1B95FA3E6} = {DA63A414-034D-48C7-8CE3-595AE27D0397}
		{730F6AF6-5050-4CAB-8A0A-A8B68B5E8678} = {DA63A414-034D-48C7-8CE3-595AE27D0397}
		{B2816743-BFF3-4BE4-9F36-BE44CCD6DA53} = {DA63A414-034D-48C7-8CE3-595AE27D0397}
		{13928D0E-2E2B-4DB6-B7D5-13433FEE272C} = {DA63A414-034D-48C7-8CE3-595AE27D0397}
		{AA5E05FF-AF99-4068-99E2-D03D7421848B} = {E5978982-072F-4378-A766-1F684204E4F0}
		{153FA147-D683-48B1-B1BC-C109E9A75FD2} = {DBAD1A05-631F-42D0-B409-BB88FD716524}
		{A0878662-24BC-458C-96BD-AB646269426D} = {B6A350EE-6799-49A5-B404-2BF51509C95E}
		{3D8D223A-2F05-4BFE-828B-F4988B43F630} = {B6A350EE-6799-49A5-B404-2BF51509C95E}
		{F299CFE1-9246-4D15-81A2-D53E2C8B8806} = {B6A350EE-6799-49A5-B404-2BF51509C95E}
		{1DE4044C-0F2A-455F-9E79-3E32BEBAC916} = {B6A350EE-6799-49A5-B404-2BF51509C95E}
		{65C2186A-A60C-4554-9986-BFDAB9D27DE0} = {B6A350EE-6799-49A5-B404-2BF51509C95E}
	EndGlobalSection
	GlobalSection(ExtensibilityGlobals) = postSolution
		SolutionGuid = {DF66A5EA-EBA3-4FF2-898E-2B5B0302379E}
	EndGlobalSection
EndGlobal
